// !$*UTF8*$!
{
	archiveVersion = 1;
	classes = {
	};
	objectVersion = 50;
	objects = {

/* Begin PBXBuildFile section */
		725FB16B2428DD030016DFB5 /* AppDelegate.swift in Sources */ = {isa = PBXBuildFile; fileRef = 725FB16A2428DD030016DFB5 /* AppDelegate.swift */; };
		725FB16D2428DD030016DFB5 /* SceneDelegate.swift in Sources */ = {isa = PBXBuildFile; fileRef = 725FB16C2428DD030016DFB5 /* SceneDelegate.swift */; };
		725FB16F2428DD030016DFB5 /* ImageViewController.swift in Sources */ = {isa = PBXBuildFile; fileRef = 725FB16E2428DD030016DFB5 /* ImageViewController.swift */; };
		725FB1722428DD030016DFB5 /* Main.storyboard in Resources */ = {isa = PBXBuildFile; fileRef = 725FB1702428DD030016DFB5 /* Main.storyboard */; };
		725FB1742428DD050016DFB5 /* Assets.xcassets in Resources */ = {isa = PBXBuildFile; fileRef = 725FB1732428DD050016DFB5 /* Assets.xcassets */; };
		725FB1772428DD050016DFB5 /* LaunchScreen.storyboard in Resources */ = {isa = PBXBuildFile; fileRef = 725FB1752428DD050016DFB5 /* LaunchScreen.storyboard */; };
		725FB1812428E59F0016DFB5 /* BlurImageViewController.swift in Sources */ = {isa = PBXBuildFile; fileRef = 725FB1802428E59F0016DFB5 /* BlurImageViewController.swift */; };
		725FB1842428ECC30016DFB5 /* NumbersViewController.swift in Sources */ = {isa = PBXBuildFile; fileRef = 725FB1832428ECC30016DFB5 /* NumbersViewController.swift */; };
/* End PBXBuildFile section */

/* Begin PBXFileReference section */
		725FB1672428DD030016DFB5 /* GCD-Practice.app */ = {isa = PBXFileReference; explicitFileType = wrapper.application; includeInIndex = 0; path = "GCD-Practice.app"; sourceTree = BUILT_PRODUCTS_DIR; };
		725FB16A2428DD030016DFB5 /* AppDelegate.swift */ = {isa = PBXFileReference; lastKnownFileType = sourcecode.swift; path = AppDelegate.swift; sourceTree = "<group>"; };
		725FB16C2428DD030016DFB5 /* SceneDelegate.swift */ = {isa = PBXFileReference; lastKnownFileType = sourcecode.swift; path = SceneDelegate.swift; sourceTree = "<group>"; };
		725FB16E2428DD030016DFB5 /* ImageViewController.swift */ = {isa = PBXFileReference; lastKnownFileType = sourcecode.swift; path = ImageViewController.swift; sourceTree = "<group>"; };
		725FB1712428DD030016DFB5 /* Base */ = {isa = PBXFileReference; lastKnownFileType = file.storyboard; name = Base; path = Base.lproj/Main.storyboard; sourceTree = "<group>"; };
		725FB1732428DD050016DFB5 /* Assets.xcassets */ = {isa = PBXFileReference; lastKnownFileType = folder.assetcatalog; path = Assets.xcassets; sourceTree = "<group>"; };
		725FB1762428DD050016DFB5 /* Base */ = {isa = PBXFileReference; lastKnownFileType = file.storyboard; name = Base; path = Base.lproj/LaunchScreen.storyboard; sourceTree = "<group>"; };
		725FB1782428DD050016DFB5 /* Info.plist */ = {isa = PBXFileReference; lastKnownFileType = text.plist.xml; path = Info.plist; sourceTree = "<group>"; };
		725FB1802428E59F0016DFB5 /* BlurImageViewController.swift */ = {isa = PBXFileReference; lastKnownFileType = sourcecode.swift; path = BlurImageViewController.swift; sourceTree = "<group>"; };
		725FB1832428ECC30016DFB5 /* NumbersViewController.swift */ = {isa = PBXFileReference; lastKnownFileType = sourcecode.swift; path = NumbersViewController.swift; sourceTree = "<group>"; };
/* End PBXFileReference section */

/* Begin PBXFrameworksBuildPhase section */
		725FB1642428DD030016DFB5 /* Frameworks */ = {
			isa = PBXFrameworksBuildPhase;
			buildActionMask = 2147483647;
			files = (
			);
			runOnlyForDeploymentPostprocessing = 0;
		};
/* End PBXFrameworksBuildPhase section */

/* Begin PBXGroup section */
		725FB15E2428DD030016DFB5 = {
			isa = PBXGroup;
			children = (
				725FB1692428DD030016DFB5 /* GCD-Practice */,
				725FB1682428DD030016DFB5 /* Products */,
			);
			sourceTree = "<group>";
		};
		725FB1682428DD030016DFB5 /* Products */ = {
			isa = PBXGroup;
			children = (
				725FB1672428DD030016DFB5 /* GCD-Practice.app */,
			);
			name = Products;
			sourceTree = "<group>";
		};
		725FB1692428DD030016DFB5 /* GCD-Practice */ = {
			isa = PBXGroup;
			children = (
				725FB1822428ECA40016DFB5 /* NumbersModule */,
				725FB17F2428E5770016DFB5 /* LoadAndBlurImageModule */,
				725FB17E2428DD0C0016DFB5 /* LoadImageModule */,
				725FB16A2428DD030016DFB5 /* AppDelegate.swift */,
				725FB16C2428DD030016DFB5 /* SceneDelegate.swift */,
				725FB1702428DD030016DFB5 /* Main.storyboard */,
				725FB1732428DD050016DFB5 /* Assets.xcassets */,
				725FB1752428DD050016DFB5 /* LaunchScreen.storyboard */,
				725FB1782428DD050016DFB5 /* Info.plist */,
			);
			path = "GCD-Practice";
			sourceTree = "<group>";
		};
		725FB17E2428DD0C0016DFB5 /* LoadImageModule */ = {
			isa = PBXGroup;
			children = (
				725FB16E2428DD030016DFB5 /* ImageViewController.swift */,
			);
			path = LoadImageModule;
			sourceTree = "<group>";
		};
		725FB17F2428E5770016DFB5 /* LoadAndBlurImageModule */ = {
			isa = PBXGroup;
			children = (
				725FB1802428E59F0016DFB5 /* BlurImageViewController.swift */,
			);
			path = LoadAndBlurImageModule;
			sourceTree = "<group>";
		};
		725FB1822428ECA40016DFB5 /* NumbersModule */ = {
			isa = PBXGroup;
			children = (
				725FB1832428ECC30016DFB5 /* NumbersViewController.swift */,
			);
			path = NumbersModule;
			sourceTree = "<group>";
		};
/* End PBXGroup section */

/* Begin PBXNativeTarget section */
		725FB1662428DD030016DFB5 /* GCD-Practice */ = {
			isa = PBXNativeTarget;
			buildConfigurationList = 725FB17B2428DD050016DFB5 /* Build configuration list for PBXNativeTarget "GCD-Practice" */;
			buildPhases = (
				725FB1632428DD030016DFB5 /* Sources */,
				725FB1642428DD030016DFB5 /* Frameworks */,
				725FB1652428DD030016DFB5 /* Resources */,
			);
			buildRules = (
			);
			dependencies = (
			);
			name = "GCD-Practice";
			productName = "GCD-Practice";
			productReference = 725FB1672428DD030016DFB5 /* GCD-Practice.app */;
			productType = "com.apple.product-type.application";
		};
/* End PBXNativeTarget section */

/* Begin PBXProject section */
		725FB15F2428DD030016DFB5 /* Project object */ = {
			isa = PBXProject;
			attributes = {
				LastSwiftUpdateCheck = 1130;
				LastUpgradeCheck = 1130;
				ORGANIZATIONNAME = "Никита Гундорин";
				TargetAttributes = {
					725FB1662428DD030016DFB5 = {
						CreatedOnToolsVersion = 11.3.1;
					};
				};
			};
			buildConfigurationList = 725FB1622428DD030016DFB5 /* Build configuration list for PBXProject "GCD-Practice" */;
			compatibilityVersion = "Xcode 9.3";
			developmentRegion = en;
			hasScannedForEncodings = 0;
			knownRegions = (
				en,
				Base,
			);
			mainGroup = 725FB15E2428DD030016DFB5;
			productRefGroup = 725FB1682428DD030016DFB5 /* Products */;
			projectDirPath = "";
			projectRoot = "";
			targets = (
				725FB1662428DD030016DFB5 /* GCD-Practice */,
			);
		};
/* End PBXProject section */

/* Begin PBXResourcesBuildPhase section */
		725FB1652428DD030016DFB5 /* Resources */ = {
			isa = PBXResourcesBuildPhase;
			buildActionMask = 2147483647;
			files = (
				725FB1772428DD050016DFB5 /* LaunchScreen.storyboard in Resources */,
				725FB1742428DD050016DFB5 /* Assets.xcassets in Resources */,
				725FB1722428DD030016DFB5 /* Main.storyboard in Resources */,
			);
			runOnlyForDeploymentPostprocessing = 0;
		};
/* End PBXResourcesBuildPhase section */

/* Begin PBXSourcesBuildPhase section */
		725FB1632428DD030016DFB5 /* Sources */ = {
			isa = PBXSourcesBuildPhase;
			buildActionMask = 2147483647;
			files = (
				725FB16F2428DD030016DFB5 /* ImageViewController.swift in Sources */,
				725FB1842428ECC30016DFB5 /* NumbersViewController.swift in Sources */,
				725FB16B2428DD030016DFB5 /* AppDelegate.swift in Sources */,
				725FB16D2428DD030016DFB5 /* SceneDelegate.swift in Sources */,
				725FB1812428E59F0016DFB5 /* BlurImageViewController.swift in Sources */,
			);
			runOnlyForDeploymentPostprocessing = 0;
		};
/* End PBXSourcesBuildPhase section */

/* Begin PBXVariantGroup section */
		725FB1702428DD030016DFB5 /* Main.storyboard */ = {
			isa = PBXVariantGroup;
			children = (
				725FB1712428DD030016DFB5 /* Base */,
			);
			name = Main.storyboard;
			sourceTree = "<group>";
		};
		725FB1752428DD050016DFB5 /* LaunchScreen.storyboard */ = {
			isa = PBXVariantGroup;
			children = (
				725FB1762428DD050016DFB5 /* Base */,
			);
			name = LaunchScreen.storyboard;
			sourceTree = "<group>";
		};
/* End PBXVariantGroup section */

/* Begin XCBuildConfiguration section */
		725FB1792428DD050016DFB5 /* Debug */ = {
			isa = XCBuildConfiguration;
			buildSettings = {
				ALWAYS_SEARCH_USER_PATHS = NO;
				CLANG_ANALYZER_NONNULL = YES;
				CLANG_ANALYZER_NUMBER_OBJECT_CONVERSION = YES_AGGRESSIVE;
				CLANG_CXX_LANGUAGE_STANDARD = "gnu++14";
				CLANG_CXX_LIBRARY = "libc++";
				CLANG_ENABLE_MODULES = YES;
				CLANG_ENABLE_OBJC_ARC = YES;
				CLANG_ENABLE_OBJC_WEAK = YES;
				CLANG_WARN_BLOCK_CAPTURE_AUTORELEASING = YES;
				CLANG_WARN_BOOL_CONVERSION = YES;
				CLANG_WARN_COMMA = YES;
				CLANG_WARN_CONSTANT_CONVERSION = YES;
				CLANG_WARN_DEPRECATED_OBJC_IMPLEMENTATIONS = YES;
				CLANG_WARN_DIRECT_OBJC_ISA_USAGE = YES_ERROR;
				CLANG_WARN_DOCUMENTATION_COMMENTS = YES;
				CLANG_WARN_EMPTY_BODY = YES;
				CLANG_WARN_ENUM_CONVERSION = YES;
				CLANG_WARN_INFINITE_RECURSION = YES;
				CLANG_WARN_INT_CONVERSION = YES;
				CLANG_WARN_NON_LITERAL_NULL_CONVERSION = YES;
				CLANG_WARN_OBJC_IMPLICIT_RETAIN_SELF = YES;
				CLANG_WARN_OBJC_LITERAL_CONVERSION = YES;
				CLANG_WARN_OBJC_ROOT_CLASS = YES_ERROR;
				CLANG_WARN_RANGE_LOOP_ANALYSIS = YES;
				CLANG_WARN_STRICT_PROTOTYPES = YES;
				CLANG_WARN_SUSPICIOUS_MOVE = YES;
				CLANG_WARN_UNGUARDED_AVAILABILITY = YES_AGGRESSIVE;
				CLANG_WARN_UNREACHABLE_CODE = YES;
				CLANG_WARN__DUPLICATE_METHOD_MATCH = YES;
				COPY_PHASE_STRIP = NO;
				DEBUG_INFORMATION_FORMAT = dwarf;
				ENABLE_STRICT_OBJC_MSGSEND = YES;
				ENABLE_TESTABILITY = YES;
				GCC_C_LANGUAGE_STANDARD = gnu11;
				GCC_DYNAMIC_NO_PIC = NO;
				GCC_NO_COMMON_BLOCKS = YES;
				GCC_OPTIMIZATION_LEVEL = 0;
				GCC_PREPROCESSOR_DEFINITIONS = (
					"DEBUG=1",
					"$(inherited)",
				);
				GCC_WARN_64_TO_32_BIT_CONVERSION = YES;
				GCC_WARN_ABOUT_RETURN_TYPE = YES_ERROR;
				GCC_WARN_UNDECLARED_SELECTOR = YES;
				GCC_WARN_UNINITIALIZED_AUTOS = YES_AGGRESSIVE;
				GCC_WARN_UNUSED_FUNCTION = YES;
				GCC_WARN_UNUSED_VARIABLE = YES;
				IPHONEOS_DEPLOYMENT_TARGET = 13.2;
				MTL_ENABLE_DEBUG_INFO = INCLUDE_SOURCE;
				MTL_FAST_MATH = YES;
				ONLY_ACTIVE_ARCH = YES;
				SDKROOT = iphoneos;
				SWIFT_ACTIVE_COMPILATION_CONDITIONS = DEBUG;
				SWIFT_OPTIMIZATION_LEVEL = "-Onone";
			};
			name = Debug;
		};
		725FB17A2428DD050016DFB5 /* Release */ = {
			isa = XCBuildConfiguration;
			buildSettings = {
				ALWAYS_SEARCH_USER_PATHS = NO;
				CLANG_ANALYZER_NONNULL = YES;
				CLANG_ANALYZER_NUMBER_OBJECT_CONVERSION = YES_AGGRESSIVE;
				CLANG_CXX_LANGUAGE_STANDARD = "gnu++14";
				CLANG_CXX_LIBRARY = "libc++";
				CLANG_ENABLE_MODULES = YES;
				CLANG_ENABLE_OBJC_ARC = YES;
				CLANG_ENABLE_OBJC_WEAK = YES;
				CLANG_WARN_BLOCK_CAPTURE_AUTORELEASING = YES;
				CLANG_WARN_BOOL_CONVERSION = YES;
				CLANG_WARN_COMMA = YES;
				CLANG_WARN_CONSTANT_CONVERSION = YES;
				CLANG_WARN_DEPRECATED_OBJC_IMPLEMENTATIONS = YES;
				CLANG_WARN_DIRECT_OBJC_ISA_USAGE = YES_ERROR;
				CLANG_WARN_DOCUMENTATION_COMMENTS = YES;
				CLANG_WARN_EMPTY_BODY = YES;
				CLANG_WARN_ENUM_CONVERSION = YES;
				CLANG_WARN_INFINITE_RECURSION = YES;
				CLANG_WARN_INT_CONVERSION = YES;
				CLANG_WARN_NON_LITERAL_NULL_CONVERSION = YES;
				CLANG_WARN_OBJC_IMPLICIT_RETAIN_SELF = YES;
				CLANG_WARN_OBJC_LITERAL_CONVERSION = YES;
				CLANG_WARN_OBJC_ROOT_CLASS = YES_ERROR;
				CLANG_WARN_RANGE_LOOP_ANALYSIS = YES;
				CLANG_WARN_STRICT_PROTOTYPES = YES;
				CLANG_WARN_SUSPICIOUS_MOVE = YES;
				CLANG_WARN_UNGUARDED_AVAILABILITY = YES_AGGRESSIVE;
				CLANG_WARN_UNREACHABLE_CODE = YES;
				CLANG_WARN__DUPLICATE_METHOD_MATCH = YES;
				COPY_PHASE_STRIP = NO;
				DEBUG_INFORMATION_FORMAT = "dwarf-with-dsym";
				ENABLE_NS_ASSERTIONS = NO;
				ENABLE_STRICT_OBJC_MSGSEND = YES;
				GCC_C_LANGUAGE_STANDARD = gnu11;
				GCC_NO_COMMON_BLOCKS = YES;
				GCC_WARN_64_TO_32_BIT_CONVERSION = YES;
				GCC_WARN_ABOUT_RETURN_TYPE = YES_ERROR;
				GCC_WARN_UNDECLARED_SELECTOR = YES;
				GCC_WARN_UNINITIALIZED_AUTOS = YES_AGGRESSIVE;
				GCC_WARN_UNUSED_FUNCTION = YES;
				GCC_WARN_UNUSED_VARIABLE = YES;
				IPHONEOS_DEPLOYMENT_TARGET = 13.2;
				MTL_ENABLE_DEBUG_INFO = NO;
				MTL_FAST_MATH = YES;
				SDKROOT = iphoneos;
				SWIFT_COMPILATION_MODE = wholemodule;
				SWIFT_OPTIMIZATION_LEVEL = "-O";
				VALIDATE_PRODUCT = YES;
			};
			name = Release;
		};
		725FB17C2428DD050016DFB5 /* Debug */ = {
			isa = XCBuildConfiguration;
			buildSettings = {
				ASSETCATALOG_COMPILER_APPICON_NAME = AppIcon;
				CODE_SIGN_STYLE = Automatic;
				INFOPLIST_FILE = "GCD-Practice/Info.plist";
				LD_RUNPATH_SEARCH_PATHS = (
					"$(inherited)",
					"@executable_path/Frameworks",
				);
				PRODUCT_BUNDLE_IDENTIFIER = "nikitagundorin.GCD-Practice";
				PRODUCT_NAME = "$(TARGET_NAME)";
				SWIFT_VERSION = 5.0;
				TARGETED_DEVICE_FAMILY = "1,2";
			};
			name = Debug;
		};
		725FB17D2428DD050016DFB5 /* Release */ = {
			isa = XCBuildConfiguration;
			buildSettings = {
				ASSETCATALOG_COMPILER_APPICON_NAME = AppIcon;
				CODE_SIGN_STYLE = Automatic;
				INFOPLIST_FILE = "GCD-Practice/Info.plist";
				LD_RUNPATH_SEARCH_PATHS = (
					"$(inherited)",
					"@executable_path/Frameworks",
				);
				PRODUCT_BUNDLE_IDENTIFIER = "nikitagundorin.GCD-Practice";
				PRODUCT_NAME = "$(TARGET_NAME)";
				SWIFT_VERSION = 5.0;
				TARGETED_DEVICE_FAMILY = "1,2";
			};
			name = Release;
		};
/* End XCBuildConfiguration section */

/* Begin XCConfigurationList section */
		725FB1622428DD030016DFB5 /* Build configuration list for PBXProject "GCD-Practice" */ = {
			isa = XCConfigurationList;
			buildConfigurations = (
				725FB1792428DD050016DFB5 /* Debug */,
				725FB17A2428DD050016DFB5 /* Release */,
			);
			defaultConfigurationIsVisible = 0;
			defaultConfigurationName = Release;
		};
		725FB17B2428DD050016DFB5 /* Build configuration list for PBXNativeTarget "GCD-Practice" */ = {
			isa = XCConfigurationList;
			buildConfigurations = (
				725FB17C2428DD050016DFB5 /* Debug */,
				725FB17D2428DD050016DFB5 /* Release */,
			);
			defaultConfigurationIsVisible = 0;
			defaultConfigurationName = Release;
		};
/* End XCConfigurationList section */
	};
	rootObject = 725FB15F2428DD030016DFB5 /* Project object */;
}
